
Microsoft Visual Studio Solution File, Format Version 12.00
# Visual Studio 15
VisualStudioVersion = 15.0.26730.16
MinimumVisualStudioVersion = 10.0.40219.1
Project("{FAE04EC0-301F-11D3-BF4B-00C04F79EFBC}") = "WebCrawler.Console", "src\WebCrawler.Console\WebCrawler.Console.csproj", "{0571EBA3-24DD-41DB-BF9E-76C703C08C94}"
EndProject
Global
	GlobalSection(SolutionConfigurationPlatforms) = preSolution
		Debug|Any CPU = Debug|Any CPU
		Release|Any CPU = Release|Any CPU
	EndGlobalSection
	GlobalSection(ProjectConfigurationPlatforms) = postSolution
		{0571EBA3-24DD-41DB-BF9E-76C703C08C94}.Debug|Any CPU.ActiveCfg = Debug|Any CPU
		{0571EBA3-24DD-41DB-BF9E-76C703C08C94}.Debug|Any CPU.Build.0 = Debug|Any CPU
		{0571EBA3-24DD-41DB-BF9E-76C703C08C94}.Release|Any CPU.ActiveCfg = Release|Any CPU
		{0571EBA3-24DD-41DB-BF9E-76C703C08C94}.Release|Any CPU.Build.0 = Release|Any CPU
	EndGlobalSection
	GlobalSection(SolutionProperties) = preSolution
		HideSolutionNode = FALSE
	EndGlobalSection
	GlobalSection(ExtensibilityGlobals) = postSolution
		SolutionGuid = {D287ADE4-219A-44BB-816C-91346CF39B8B}
	EndGlobalSection
EndGlobal
